
Microsoft Visual Studio Solution File, Format Version 12.00
# Visual Studio 15
VisualStudioVersion = 15.0.27428.2027
MinimumVisualStudioVersion = 10.0.40219.1
Project("{FAE04EC0-301F-11D3-BF4B-00C04F79EFBC}") = "WpfApp", "WpfApp\WpfApp.csproj", "{F0AE3579-0545-41CA-B491-C20FBC87D631}"
EndProject
Project("{C7167F0D-BC9F-4E6E-AFE1-012C56B48DB5}") = "WapProj", "WapProj\WapProj.wapproj", "{FE10444E-1DDB-49CF-9EB9-4E992BF74D7C}"
EndProject
Project("{2150E333-8FDC-42A3-9474-1A3956D46DE8}") = "Solution Items", "Solution Items", "{483E3D73-9A75-4BA3-B735-887C7B655394}"
	ProjectSection(SolutionItems) = preProject
		README.md = README.md
	EndProjectSection
EndProject
Global
	GlobalSection(SolutionConfigurationPlatforms) = preSolution
		Debug|Any CPU = Debug|Any CPU
		Debug|x64 = Debug|x64
		Debug|x86 = Debug|x86
		Release|Any CPU = Release|Any CPU
		Release|x64 = Release|x64
		Release|x86 = Release|x86
	EndGlobalSection
	GlobalSection(ProjectConfigurationPlatforms) = postSolution
		{F0AE3579-0545-41CA-B491-C20FBC87D631}.Debug|Any CPU.ActiveCfg = Debug|Any CPU
		{F0AE3579-0545-41CA-B491-C20FBC87D631}.Debug|Any CPU.Build.0 = Debug|Any CPU
		{F0AE3579-0545-41CA-B491-C20FBC87D631}.Debug|x64.ActiveCfg = Debug|Any CPU
		{F0AE3579-0545-41CA-B491-C20FBC87D631}.Debug|x64.Build.0 = Debug|Any CPU
		{F0AE3579-0545-41CA-B491-C20FBC87D631}.Debug|x86.ActiveCfg = Debug|Any CPU
		{F0AE3579-0545-41CA-B491-C20FBC87D631}.Debug|x86.Build.0 = Debug|Any CPU
		{F0AE3579-0545-41CA-B491-C20FBC87D631}.Release|Any CPU.ActiveCfg = Release|Any CPU
		{F0AE3579-0545-41CA-B491-C20FBC87D631}.Release|Any CPU.Build.0 = Release|Any CPU
		{F0AE3579-0545-41CA-B491-C20FBC87D631}.Release|x64.ActiveCfg = Release|Any CPU
		{F0AE3579-0545-41CA-B491-C20FBC87D631}.Release|x64.Build.0 = Release|Any CPU
		{F0AE3579-0545-41CA-B491-C20FBC87D631}.Release|x86.ActiveCfg = Release|Any CPU
		{F0AE3579-0545-41CA-B491-C20FBC87D631}.Release|x86.Build.0 = Release|Any CPU
		{FE10444E-1DDB-49CF-9EB9-4E992BF74D7C}.Debug|Any CPU.ActiveCfg = Debug|Any CPU
		{FE10444E-1DDB-49CF-9EB9-4E992BF74D7C}.Debug|Any CPU.Build.0 = Debug|Any CPU
		{FE10444E-1DDB-49CF-9EB9-4E992BF74D7C}.Debug|Any CPU.Deploy.0 = Debug|Any CPU
		{FE10444E-1DDB-49CF-9EB9-4E992BF74D7C}.Debug|x64.ActiveCfg = Debug|x64
		{FE10444E-1DDB-49CF-9EB9-4E992BF74D7C}.Debug|x64.Build.0 = Debug|x64
		{FE10444E-1DDB-49CF-9EB9-4E992BF74D7C}.Debug|x64.Deploy.0 = Debug|x64
		{FE10444E-1DDB-49CF-9EB9-4E992BF74D7C}.Debug|x86.ActiveCfg = Debug|x86
		{FE10444E-1DDB-49CF-9EB9-4E992BF74D7C}.Debug|x86.Build.0 = Debug|x86
		{FE10444E-1DDB-49CF-9EB9-4E992BF74D7C}.Debug|x86.Deploy.0 = Debug|x86
		{FE10444E-1DDB-49CF-9EB9-4E992BF74D7C}.Release|Any CPU.ActiveCfg = Release|Any CPU
		{FE10444E-1DDB-49CF-9EB9-4E992BF74D7C}.Release|Any CPU.Build.0 = Release|Any CPU
		{FE10444E-1DDB-49CF-9EB9-4E992BF74D7C}.Release|Any CPU.Deploy.0 = Release|Any CPU
		{FE10444E-1DDB-49CF-9EB9-4E992BF74D7C}.Release|x64.ActiveCfg = Release|x64
		{FE10444E-1DDB-49CF-9EB9-4E992BF74D7C}.Release|x64.Build.0 = Release|x64
		{FE10444E-1DDB-49CF-9EB9-4E992BF74D7C}.Release|x64.Deploy.0 = Release|x64
		{FE10444E-1DDB-49CF-9EB9-4E992BF74D7C}.Release|x86.ActiveCfg = Release|x86
		{FE10444E-1DDB-49CF-9EB9-4E992BF74D7C}.Release|x86.Build.0 = Release|x86
		{FE10444E-1DDB-49CF-9EB9-4E992BF74D7C}.Release|x86.Deploy.0 = Release|x86
	EndGlobalSection
	GlobalSection(SolutionProperties) = preSolution
		HideSolutionNode = FALSE
	EndGlobalSection
	GlobalSection(ExtensibilityGlobals) = postSolution
		SolutionGuid = {41D448D0-EB43-4D44-91FA-AB70025CCF9A}
	EndGlobalSection
EndGlobal
